
Microsoft Visual Studio Solution File, Format Version 12.00
# Visual Studio Version 17
VisualStudioVersion = 17.0.32126.317
MinimumVisualStudioVersion = 10.0.40219.1
Project("{8BC9CEB8-8B4A-11D0-8D11-00A0C91BC942}") = "DZ1_C++", "DZ1_C++\DZ1_C++.vcxproj", "{C2EB1BEC-DA39-4BD7-B9A0-91E21EF476A3}"
EndProject
Global
	GlobalSection(SolutionConfigurationPlatforms) = preSolution
		Debug|x64 = Debug|x64
		Debug|x86 = Debug|x86
		Release|x64 = Release|x64
		Release|x86 = Release|x86
	EndGlobalSection
	GlobalSection(ProjectConfigurationPlatforms) = postSolution
		{C2EB1BEC-DA39-4BD7-B9A0-91E21EF476A3}.Debug|x64.ActiveCfg = Debug|x64
		{C2EB1BEC-DA39-4BD7-B9A0-91E21EF476A3}.Debug|x64.Build.0 = Debug|x64
		{C2EB1BEC-DA39-4BD7-B9A0-91E21EF476A3}.Debug|x86.ActiveCfg = Debug|Win32
		{C2EB1BEC-DA39-4BD7-B9A0-91E21EF476A3}.Debug|x86.Build.0 = Debug|Win32
		{C2EB1BEC-DA39-4BD7-B9A0-91E21EF476A3}.Release|x64.ActiveCfg = Release|x64
		{C2EB1BEC-DA39-4BD7-B9A0-91E21EF476A3}.Release|x64.Build.0 = Release|x64
		{C2EB1BEC-DA39-4BD7-B9A0-91E21EF476A3}.Release|x86.ActiveCfg = Release|Win32
		{C2EB1BEC-DA39-4BD7-B9A0-91E21EF476A3}.Release|x86.Build.0 = Release|Win32
	EndGlobalSection
	GlobalSection(SolutionProperties) = preSolution
		HideSolutionNode = FALSE
	EndGlobalSection
	GlobalSection(ExtensibilityGlobals) = postSolution
		SolutionGuid = {D38588A3-8DBA-4781-898F-9C0DB652A5AF}
	EndGlobalSection
EndGlobal
